
Microsoft Visual Studio Solution File, Format Version 12.00
# Visual Studio Version 17
VisualStudioVersion = 17.7.34024.191
MinimumVisualStudioVersion = 10.0.40219.1
Project("{FAE04EC0-301F-11D3-BF4B-00C04F79EFBC}") = "crud_oop", "crud_oop\crud_oop.csproj", "{AA8B091D-A86B-4C1B-BBAD-14CFADBC99DA}"
EndProject
Global
	GlobalSection(SolutionConfigurationPlatforms) = preSolution
		Debug|Any CPU = Debug|Any CPU
		Release|Any CPU = Release|Any CPU
	EndGlobalSection
	GlobalSection(ProjectConfigurationPlatforms) = postSolution
		{AA8B091D-A86B-4C1B-BBAD-14CFADBC99DA}.Debug|Any CPU.ActiveCfg = Debug|Any CPU
		{AA8B091D-A86B-4C1B-BBAD-14CFADBC99DA}.Debug|Any CPU.Build.0 = Debug|Any CPU
		{AA8B091D-A86B-4C1B-BBAD-14CFADBC99DA}.Release|Any CPU.ActiveCfg = Release|Any CPU
		{AA8B091D-A86B-4C1B-BBAD-14CFADBC99DA}.Release|Any CPU.Build.0 = Release|Any CPU
	EndGlobalSection
	GlobalSection(SolutionProperties) = preSolution
		HideSolutionNode = FALSE
	EndGlobalSection
	GlobalSection(ExtensibilityGlobals) = postSolution
		SolutionGuid = {0C447478-C5FD-43B3-9CE8-143E386BBA7A}
	EndGlobalSection
EndGlobal
